# THIS IS AN AUTOGENERATED FILE. DO NOT EDIT THIS FILE DIRECTLY.
# yarn lockfile v1


decision-tree@^0.3.7:
  version "0.3.7"
  resolved "https://registry.yarnpkg.com/decision-tree/-/decision-tree-0.3.7.tgz#5c5d925344a1c988c066b7ca617cd22a67ad7cf7"
  integrity sha512-owlopiCdbKk5fYaiVfCCom5me0W+gSuVio4D0A+2QA6DV2fGpzxAYE8XB8cS4g1F4Ht6rR8N5HKsjti8kytL+A==
  dependencies:
    lodash "^4.17.21"

is-any-array@^2.0.0:
  version "2.0.1"
  resolved "https://registry.yarnpkg.com/is-any-array/-/is-any-array-2.0.1.tgz#9233242a9c098220290aa2ec28f82ca7fa79899e"
  integrity sha512-UtilS7hLRu++wb/WBAw9bNuP1Eg04Ivn1vERJck8zJthEvXCBEBpGR/33u/xLKWEQf95803oalHrVDptcAvFdQ==

lodash@^4.17.21:
  version "4.17.21"
  resolved "https://registry.yarnpkg.com/lodash/-/lodash-4.17.21.tgz#679591c564c3bffaae8454cf0b3df370c3d6911c"
  integrity sha512-v2kDEe57lecTulaDIuNTPy3Ry4gLGJ6Z1O3vE1krgXZNrsQ+LFTGHVxVjcXPs17LhbZVGedAJv8XZ1tvj5FvSg==

median-quickselect@^1.0.1:
  version "1.0.1"
  resolved "https://registry.yarnpkg.com/median-quickselect/-/median-quickselect-1.0.1.tgz#de3408035a5b2f0438a39b99893faf3e7d6177f8"
  integrity sha512-/QL9ptNuLsdA68qO+2o10TKCyu621zwwTFdLvtu8rzRNKsn8zvuGoq/vDxECPyELFG8wu+BpyoMR9BnsJqfVZQ==

ml-array-max@^1.2.4:
  version "1.2.4"
  resolved "https://registry.yarnpkg.com/ml-array-max/-/ml-array-max-1.2.4.tgz#2373e2b7e51c8807e456cc0ef364c5863713623b"
  integrity sha512-BlEeg80jI0tW6WaPyGxf5Sa4sqvcyY6lbSn5Vcv44lp1I2GR6AWojfUvLnGTNsIXrZ8uqWmo8VcG1WpkI2ONMQ==
  dependencies:
    is-any-array "^2.0.0"

ml-array-median@^1.1.1:
  version "1.1.6"
  resolved "https://registry.yarnpkg.com/ml-array-median/-/ml-array-median-1.1.6.tgz#1b21bd85eb140b35d3cabf2ff712e17a36188761"
  integrity sha512-V6bV6bTPFRX8v5CaAx/7fuRXC39LLTHfPSVZZafdNaqNz2PFL5zEA7gesjv8dMXh+gwPeUMtB5QPovlTBaa4sw==
  dependencies:
    is-any-array "^2.0.0"
    median-quickselect "^1.0.1"

ml-array-min@^1.2.3:
  version "1.2.3"
  resolved "https://registry.yarnpkg.com/ml-array-min/-/ml-array-min-1.2.3.tgz#662f027c400105816b849cc3cd786915d0801495"
  integrity sha512-VcZ5f3VZ1iihtrGvgfh/q0XlMobG6GQ8FsNyQXD3T+IlstDv85g8kfV0xUG1QPRO/t21aukaJowDzMTc7j5V6Q==
  dependencies:
    is-any-array "^2.0.0"

ml-array-rescale@^1.3.7:
  version "1.3.7"
  resolved "https://registry.yarnpkg.com/ml-array-rescale/-/ml-array-rescale-1.3.7.tgz#c4d129320d113a732e62dd963dc1695bba9a5340"
  integrity sha512-48NGChTouvEo9KBctDfHC3udWnQKNKEWN0ziELvY3KG25GR5cA8K8wNVzracsqSW1QEkAXjTNx+ycgAv06/1mQ==
  dependencies:
    is-any-array "^2.0.0"
    ml-array-max "^1.2.4"
    ml-array-min "^1.2.3"

ml-distance-euclidean@^2.0.0:
  version "2.0.0"
  resolved "https://registry.yarnpkg.com/ml-distance-euclidean/-/ml-distance-euclidean-2.0.0.tgz#3a668d236649d1b8fec96380b9435c6f42c9a817"
  integrity sha512-yC9/2o8QF0A3m/0IXqCTXCzz2pNEzvmcE/9HFKOZGnTjatvBbsn4lWYJkxENkA4Ug2fnYl7PXQxnPi21sgMy/Q==

ml-kernel-gaussian@^2.0.2:
  version "2.0.2"
  resolved "https://registry.yarnpkg.com/ml-kernel-gaussian/-/ml-kernel-gaussian-2.0.2.tgz#2d1a1130d3205e551e7d1dbe642b8f150076e6c0"
  integrity sha512-5MBrH2g9MBO53I6mcyXvMhyOLsmO2w21+26A1ZV/vYoxqpsov2PWkT8bhdFCEe0kgDupmAb6u81iOID/rhnarA==
  dependencies:
    ml-distance-euclidean "^2.0.0"

ml-kernel-polynomial@^2.0.1:
  version "2.0.1"
  resolved "https://registry.yarnpkg.com/ml-kernel-polynomial/-/ml-kernel-polynomial-2.0.1.tgz#ae99e26892f5763185e2334bad862adc5733c599"
  integrity sha512-aGDNRPHDiKeJmBxB0L9wTxKNLfp5JytbdRIo5K+FTcmFjkWDe3YZPo6R6wBB5mxaJ5eqTRawzeV4RoIWHbakyQ==

ml-kernel-sigmoid@^1.0.1:
  version "1.0.1"
  resolved "https://registry.yarnpkg.com/ml-kernel-sigmoid/-/ml-kernel-sigmoid-1.0.1.tgz#3eb4419a97d68d299dd6faffa8dca0fb91dd3300"
  integrity sha512-mSbYOSbNQ7GsUAGrHuUHNsLgM3bZGpXkotw/FBdKZD9YMXfVOgQb1LvvvVeSlOR/ZdmX23qqaV0RnKSYWBF8og==

ml-kernel@^3.0.0:
  version "3.0.0"
  resolved "https://registry.yarnpkg.com/ml-kernel/-/ml-kernel-3.0.0.tgz#7d32f6a663b89143eb3439968aa36a396014435e"
  integrity sha512-R+ZR0Kl5xJ7vnxtlDqjZ26xVk7mAw7ctK4NlzRHviBFXxp7keC9+hWirMOdzi2DOQA0t6CaRwjElZ6SdirOmow==
  dependencies:
    ml-distance-euclidean "^2.0.0"
    ml-kernel-gaussian "^2.0.2"
    ml-kernel-polynomial "^2.0.1"
    ml-kernel-sigmoid "^1.0.1"
    ml-matrix "^6.1.2"

ml-logistic-regression@^2.0.0:
  version "2.0.0"
  resolved "https://registry.yarnpkg.com/ml-logistic-regression/-/ml-logistic-regression-2.0.0.tgz#ddc6c73ff513f8443e1416d1219a4252b8fd3aeb"
  integrity sha512-xHhB91ut8GRRbJyB1ZQfKsl1MHmE1PqMeRjxhks96M5BGvCbC9eEojf4KgRMKM2LxFblhVUcVzweAoPB48Nt0A==
  dependencies:
    ml-matrix "^6.5.0"

ml-matrix@^6.1.2, ml-matrix@^6.10.1, ml-matrix@^6.5.0, ml-matrix@^6.8.0:
  version "6.10.4"
  resolved "https://registry.yarnpkg.com/ml-matrix/-/ml-matrix-6.10.4.tgz#babee344b20062d9c123aa801c2e5d0d0c7477f6"
  integrity sha512-rUyEhfNPzqFsltYwvjNeYQXlYEaVea3KgzcJKJteQUj2WVAGFx9fLNRjtMR9mg2B6bd5buxlmkZmxM4hmO+SKg==
  dependencies:
    is-any-array "^2.0.0"
    ml-array-rescale "^1.3.7"

ml-regression-base@^2.0.1, ml-regression-base@^2.1.3:
  version "2.1.6"
  resolved "https://registry.yarnpkg.com/ml-regression-base/-/ml-regression-base-2.1.6.tgz#91bbf7577ebfc680351479a54bc391d8e95fe42a"
  integrity sha512-yTckvEc8szc6VrUTJSgAClShvCoPZdNt8pmyRe8aGsIWGjg6bYFotp9mDUwAB0snvKAbQWd6A4trL/PDCASLug==
  dependencies:
    is-any-array "^2.0.0"

ml-regression-exponential@^2.0.0:
  version "2.1.0"
  resolved "https://registry.yarnpkg.com/ml-regression-exponential/-/ml-regression-exponential-2.1.0.tgz#567bf3972c4e140c3f06690772b1f28051704d6c"
  integrity sha512-6ZgGbzIkXnONfGGUU0LjIb9qb35WzVqdAFSX8vFr8UEhgXhfgEws9pGrBJu19VBEh7ZTtttcPObI3aoBscq4Kg==
  dependencies:
    ml-regression-base "^2.1.3"
    ml-regression-simple-linear "^2.0.3"

ml-regression-multivariate-linear@^2.0.2:
  version "2.0.4"
  resolved "https://registry.yarnpkg.com/ml-regression-multivariate-linear/-/ml-regression-multivariate-linear-2.0.4.tgz#deaf20299de4fa1aef70934b45622c4ede942e5b"
  integrity sha512-/vShPAlP+mB7P2mC5TuXwObSJNl/UBI71/bszt9ilTg6yLKy6btDLpAYyJNa6t+JnL5a7q+Yy4dCltfpvqXRIw==
  dependencies:
    ml-matrix "^6.10.1"

ml-regression-polynomial@^2.0.0:
  version "2.2.0"
  resolved "https://registry.yarnpkg.com/ml-regression-polynomial/-/ml-regression-polynomial-2.2.0.tgz#0ba22aa203debe917dd058e7a54b5cc7537e1149"
  integrity sha512-WxFsEmi6oLxgq9TeaVoAA+vVUJFp1kGarX6WWClR8OmlanoIW5iLMnaeXfQcYuH8xNq4R1Cax2N9hYYmeWWkLg==
  dependencies:
    ml-matrix "^6.8.0"
    ml-regression-base "^2.1.3"

ml-regression-power@^2.0.0:
  version "2.0.0"
  resolved "https://registry.yarnpkg.com/ml-regression-power/-/ml-regression-power-2.0.0.tgz#3fc5c7a294d4a7fe1172fc638cc4d891b04ea170"
  integrity sha512-u8O9Fy45+OeYm/4ZBcNDn5w3w+MHc6kZz/AWSJIwmJcyjz6PRkTZnNfgGYdVKwKKDlAOS7G/AFvMKSTWRNO4RQ==
  dependencies:
    ml-regression-base "^2.0.1"
    ml-regression-simple-linear "^2.0.2"

ml-regression-robust-polynomial@^2.0.0:
  version "2.0.1"
  resolved "https://registry.yarnpkg.com/ml-regression-robust-polynomial/-/ml-regression-robust-polynomial-2.0.1.tgz#a11acc3ac8a75cfcdbf395e74e959d8a81a85543"
  integrity sha512-WkxA224Cil1G3Ug/T1O8H/2IDADlca21oC5WDplcM+gQRTqtueT/Su4ubH70tG6s79XHM046HfO8xQSpDQxqqg==
  dependencies:
    ml-matrix "^6.8.0"
    ml-regression-base "^2.1.3"

ml-regression-simple-linear@^2.0.2, ml-regression-simple-linear@^2.0.3:
  version "2.0.3"
  resolved "https://registry.yarnpkg.com/ml-regression-simple-linear/-/ml-regression-simple-linear-2.0.3.tgz#c7de3623289e6ac1185b720bdea44ed0bc9b3cea"
  integrity sha512-xcLviI0Gqs0TXE5+QsPLbJm372RyZsX6xmsufez3Dz6vq/r10+KyOJ8JvUimhryKvPaZQvx6BTnzAfQbj/IeLQ==
  dependencies:
    ml-regression-base "^2.0.1"

ml-regression-theil-sen@^2.0.0:
  version "2.0.0"
  resolved "https://registry.yarnpkg.com/ml-regression-theil-sen/-/ml-regression-theil-sen-2.0.0.tgz#e3b4c72f3ca630d475284ae59f0bb7f0a27899a3"
  integrity sha512-RO//tYzo69XbWDO5LIPdGp8ef1MSTPPJY0bXNlmOLMSay7YR9FQqtNgqn29T9DSYTa863VAafRlCeXwDQNXkBw==
  dependencies:
    ml-array-median "^1.1.1"
    ml-regression-base "^2.0.1"

ml-regression@^5.0.0:
  version "5.0.0"
  resolved "https://registry.yarnpkg.com/ml-regression/-/ml-regression-5.0.0.tgz#7e76ee584ff226d8ad867bf6e6b08b2fa14cf9f8"
  integrity sha512-mBn0LpfEWV3Dk0dj+8PRNUqIHvO87rUY0PmCUTYv3MKfECx7TtlKyeacJeOBLZ4YAVixX8U5hn4HwRL6TpTYaw==
  dependencies:
    ml-kernel "^3.0.0"
    ml-matrix "^6.1.2"
    ml-regression-base "^2.0.1"
    ml-regression-exponential "^2.0.0"
    ml-regression-multivariate-linear "^2.0.2"
    ml-regression-polynomial "^2.0.0"
    ml-regression-power "^2.0.0"
    ml-regression-robust-polynomial "^2.0.0"
    ml-regression-simple-linear "^2.0.2"
    ml-regression-theil-sen "^2.0.0"
